// !$*UTF8*$!
{
	archiveVersion = 1;
	classes = {
	};
	objectVersion = 46;
	objects = {

/* Begin PBXBuildFile section */
		38F759CB1C05E41E0093391D /* APIViewController.m in Sources */ = {isa = PBXBuildFile; fileRef = 38F759C91C05E41E0093391D /* APIViewController.m */; };
		38F759CC1C05E41E0093391D /* APIViewController.xib in Resources */ = {isa = PBXBuildFile; fileRef = 38F759CA1C05E41E0093391D /* APIViewController.xib */; };
		62F344E91C0057FC00D85BFA /* main.m in Sources */ = {isa = PBXBuildFile; fileRef = 62F344E81C0057FC00D85BFA /* main.m */; };
		62F344EC1C0057FC00D85BFA /* AppDelegate.m in Sources */ = {isa = PBXBuildFile; fileRef = 62F344EB1C0057FC00D85BFA /* AppDelegate.m */; };
		62F344F41C0057FC00D85BFA /* Assets.xcassets in Resources */ = {isa = PBXBuildFile; fileRef = 62F344F31C0057FC00D85BFA /* Assets.xcassets */; };
		62F344F71C0057FC00D85BFA /* LaunchScreen.storyboard in Resources */ = {isa = PBXBuildFile; fileRef = 62F344F51C0057FC00D85BFA /* LaunchScreen.storyboard */; };
		62F345021C0057FC00D85BFA /* APIManagerTests.m in Sources */ = {isa = PBXBuildFile; fileRef = 62F345011C0057FC00D85BFA /* APIManagerTests.m */; };
/* End PBXBuildFile section */

/* Begin PBXContainerItemProxy section */
		62F344FE1C0057FC00D85BFA /* PBXContainerItemProxy */ = {
			isa = PBXContainerItemProxy;
			containerPortal = 62F344DC1C0057FC00D85BFA /* Project object */;
			proxyType = 1;
			remoteGlobalIDString = 62F344E31C0057FC00D85BFA;
			remoteInfo = APIManager;
		};
/* End PBXContainerItemProxy section */

/* Begin PBXFileReference section */
		38F759C81C05E41E0093391D /* APIViewController.h */ = {isa = PBXFileReference; fileEncoding = 4; lastKnownFileType = sourcecode.c.h; path = APIViewController.h; sourceTree = "<group>"; };
		38F759C91C05E41E0093391D /* APIViewController.m */ = {isa = PBXFileReference; fileEncoding = 4; lastKnownFileType = sourcecode.c.objc; path = APIViewController.m; sourceTree = "<group>"; };
		38F759CA1C05E41E0093391D /* APIViewController.xib */ = {isa = PBXFileReference; fileEncoding = 4; lastKnownFileType = file.xib; path = APIViewController.xib; sourceTree = "<group>"; };
		62F344E41C0057FC00D85BFA /* APIManager.app */ = {isa = PBXFileReference; explicitFileType = wrapper.application; includeInIndex = 0; path = APIManager.app; sourceTree = BUILT_PRODUCTS_DIR; };
		62F344E81C0057FC00D85BFA /* main.m */ = {isa = PBXFileReference; lastKnownFileType = sourcecode.c.objc; path = main.m; sourceTree = "<group>"; };
		62F344EA1C0057FC00D85BFA /* AppDelegate.h */ = {isa = PBXFileReference; lastKnownFileType = sourcecode.c.h; path = AppDelegate.h; sourceTree = "<group>"; };
		62F344EB1C0057FC00D85BFA /* AppDelegate.m */ = {isa = PBXFileReference; lastKnownFileType = sourcecode.c.objc; path = AppDelegate.m; sourceTree = "<group>"; };
		62F344F31C0057FC00D85BFA /* Assets.xcassets */ = {isa = PBXFileReference; lastKnownFileType = folder.assetcatalog; path = Assets.xcassets; sourceTree = "<group>"; };
		62F344F61C0057FC00D85BFA /* Base */ = {isa = PBXFileReference; lastKnownFileType = file.storyboard; name = Base; path = Base.lproj/LaunchScreen.storyboard; sourceTree = "<group>"; };
		62F344F81C0057FC00D85BFA /* Info.plist */ = {isa = PBXFileReference; lastKnownFileType = text.plist.xml; path = Info.plist; sourceTree = "<group>"; };
		62F344FD1C0057FC00D85BFA /* APIManagerTests.xctest */ = {isa = PBXFileReference; explicitFileType = wrapper.cfbundle; includeInIndex = 0; path = APIManagerTests.xctest; sourceTree = BUILT_PRODUCTS_DIR; };
		62F345011C0057FC00D85BFA /* APIManagerTests.m */ = {isa = PBXFileReference; lastKnownFileType = sourcecode.c.objc; path = APIManagerTests.m; sourceTree = "<group>"; };
		62F345031C0057FC00D85BFA /* Info.plist */ = {isa = PBXFileReference; lastKnownFileType = text.plist.xml; path = Info.plist; sourceTree = "<group>"; };
/* End PBXFileReference section */

/* Begin PBXFrameworksBuildPhase section */
		62F344E11C0057FC00D85BFA /* Frameworks */ = {
			isa = PBXFrameworksBuildPhase;
			buildActionMask = 2147483647;
			files = (
			);
			runOnlyForDeploymentPostprocessing = 0;
		};
		62F344FA1C0057FC00D85BFA /* Frameworks */ = {
			isa = PBXFrameworksBuildPhase;
			buildActionMask = 2147483647;
			files = (
			);
			runOnlyForDeploymentPostprocessing = 0;
		};
/* End PBXFrameworksBuildPhase section */

/* Begin PBXGroup section */
		62F344DB1C0057FC00D85BFA = {
			isa = PBXGroup;
			children = (
				62F344E61C0057FC00D85BFA /* APIManager */,
				62F345001C0057FC00D85BFA /* APIManagerTests */,
				62F344E51C0057FC00D85BFA /* Products */,
			);
			sourceTree = "<group>";
		};
		62F344E51C0057FC00D85BFA /* Products */ = {
			isa = PBXGroup;
			children = (
				62F344E41C0057FC00D85BFA /* APIManager.app */,
				62F344FD1C0057FC00D85BFA /* APIManagerTests.xctest */,
			);
			name = Products;
			sourceTree = "<group>";
		};
		62F344E61C0057FC00D85BFA /* APIManager */ = {
			isa = PBXGroup;
			children = (
				62F344EA1C0057FC00D85BFA /* AppDelegate.h */,
				62F344EB1C0057FC00D85BFA /* AppDelegate.m */,
				38F759C81C05E41E0093391D /* APIViewController.h */,
				38F759C91C05E41E0093391D /* APIViewController.m */,
				38F759CA1C05E41E0093391D /* APIViewController.xib */,
				62F344E71C0057FC00D85BFA /* Supporting Files */,
			);
			path = APIManager;
			sourceTree = "<group>";
		};
		62F344E71C0057FC00D85BFA /* Supporting Files */ = {
			isa = PBXGroup;
			children = (
				62F344F51C0057FC00D85BFA /* LaunchScreen.storyboard */,
				62F344F31C0057FC00D85BFA /* Assets.xcassets */,
				62F344F81C0057FC00D85BFA /* Info.plist */,
				62F344E81C0057FC00D85BFA /* main.m */,
			);
			name = "Supporting Files";
			sourceTree = "<group>";
		};
		62F345001C0057FC00D85BFA /* APIManagerTests */ = {
			isa = PBXGroup;
			children = (
				62F345011C0057FC00D85BFA /* APIManagerTests.m */,
				62F345031C0057FC00D85BFA /* Info.plist */,
			);
			path = APIManagerTests;
			sourceTree = "<group>";
		};
/* End PBXGroup section */

/* Begin PBXNativeTarget section */
		62F344E31C0057FC00D85BFA /* APIManager */ = {
			isa = PBXNativeTarget;
			buildConfigurationList = 62F345061C0057FC00D85BFA /* Build configuration list for PBXNativeTarget "APIManager" */;
			buildPhases = (
				62F344E01C0057FC00D85BFA /* Sources */,
				62F344E11C0057FC00D85BFA /* Frameworks */,
				62F344E21C0057FC00D85BFA /* Resources */,
			);
			buildRules = (
			);
			dependencies = (
			);
			name = APIManager;
			productName = APIManager;
			productReference = 62F344E41C0057FC00D85BFA /* APIManager.app */;
			productType = "com.apple.product-type.application";
		};
		62F344FC1C0057FC00D85BFA /* APIManagerTests */ = {
			isa = PBXNativeTarget;
			buildConfigurationList = 62F345091C0057FC00D85BFA /* Build configuration list for PBXNativeTarget "APIManagerTests" */;
			buildPhases = (
				62F344F91C0057FC00D85BFA /* Sources */,
				62F344FA1C0057FC00D85BFA /* Frameworks */,
				62F344FB1C0057FC00D85BFA /* Resources */,
			);
			buildRules = (
			);
			dependencies = (
				62F344FF1C0057FC00D85BFA /* PBXTargetDependency */,
			);
			name = APIManagerTests;
			productName = APIManagerTests;
			productReference = 62F344FD1C0057FC00D85BFA /* APIManagerTests.xctest */;
			productType = "com.apple.product-type.bundle.unit-test";
		};
/* End PBXNativeTarget section */

/* Begin PBXProject section */
		62F344DC1C0057FC00D85BFA /* Project object */ = {
			isa = PBXProject;
			attributes = {
				LastUpgradeCheck = 0710;
				ORGANIZATIONNAME = rayer;
				TargetAttributes = {
					62F344E31C0057FC00D85BFA = {
						CreatedOnToolsVersion = 7.1.1;
						DevelopmentTeam = 69CVUFFPUZ;
					};
					62F344FC1C0057FC00D85BFA = {
						CreatedOnToolsVersion = 7.1.1;
						DevelopmentTeam = 69CVUFFPUZ;
						TestTargetID = 62F344E31C0057FC00D85BFA;
					};
				};
			};
			buildConfigurationList = 62F344DF1C0057FC00D85BFA /* Build configuration list for PBXProject "APIManager" */;
			compatibilityVersion = "Xcode 3.2";
			developmentRegion = English;
			hasScannedForEncodings = 0;
			knownRegions = (
				en,
				Base,
			);
			mainGroup = 62F344DB1C0057FC00D85BFA;
			productRefGroup = 62F344E51C0057FC00D85BFA /* Products */;
			projectDirPath = "";
			projectRoot = "";
			targets = (
				62F344E31C0057FC00D85BFA /* APIManager */,
				62F344FC1C0057FC00D85BFA /* APIManagerTests */,
			);
		};
/* End PBXProject section */

/* Begin PBXResourcesBuildPhase section */
		62F344E21C0057FC00D85BFA /* Resources */ = {
			isa = PBXResourcesBuildPhase;
			buildActionMask = 2147483647;
			files = (
				62F344F71C0057FC00D85BFA /* LaunchScreen.storyboard in Resources */,
				62F344F41C0057FC00D85BFA /* Assets.xcassets in Resources */,
				38F759CC1C05E41E0093391D /* APIViewController.xib in Resources */,
			);
			runOnlyForDeploymentPostprocessing = 0;
		};
		62F344FB1C0057FC00D85BFA /* Resources */ = {
			isa = PBXResourcesBuildPhase;
			buildActionMask = 2147483647;
			files = (
			);
			runOnlyForDeploymentPostprocessing = 0;
		};
/* End PBXResourcesBuildPhase section */

/* Begin PBXSourcesBuildPhase section */
		62F344E01C0057FC00D85BFA /* Sources */ = {
			isa = PBXSourcesBuildPhase;
			buildActionMask = 2147483647;
			files = (
				62F344EC1C0057FC00D85BFA /* AppDelegate.m in Sources */,
				62F344E91C0057FC00D85BFA /* main.m in Sources */,
				38F759CB1C05E41E0093391D /* APIViewController.m in Sources */,
			);
			runOnlyForDeploymentPostprocessing = 0;
		};
		62F344F91C0057FC00D85BFA /* Sources */ = {
			isa = PBXSourcesBuildPhase;
			buildActionMask = 2147483647;
			files = (
				62F345021C0057FC00D85BFA /* APIManagerTests.m in Sources */,
			);
			runOnlyForDeploymentPostprocessing = 0;
		};
/* End PBXSourcesBuildPhase section */

/* Begin PBXTargetDependency section */
		62F344FF1C0057FC00D85BFA /* PBXTargetDependency */ = {
			isa = PBXTargetDependency;
			target = 62F344E31C0057FC00D85BFA /* APIManager */;
			targetProxy = 62F344FE1C0057FC00D85BFA /* PBXContainerItemProxy */;
		};
/* End PBXTargetDependency section */

/* Begin PBXVariantGroup section */
		62F344F51C0057FC00D85BFA /* LaunchScreen.storyboard */ = {
			isa = PBXVariantGroup;
			children = (
				62F344F61C0057FC00D85BFA /* Base */,
			);
			name = LaunchScreen.storyboard;
			sourceTree = "<group>";
		};
/* End PBXVariantGroup section */

/* Begin XCBuildConfiguration section */
		62F345041C0057FC00D85BFA /* Debug */ = {
			isa = XCBuildConfiguration;
			buildSettings = {
				ALWAYS_SEARCH_USER_PATHS = NO;
				CLANG_CXX_LANGUAGE_STANDARD = "gnu++0x";
				CLANG_CXX_LIBRARY = "libc++";
				CLANG_ENABLE_MODULES = YES;
				CLANG_ENABLE_OBJC_ARC = YES;
				CLANG_WARN_BOOL_CONVERSION = YES;
				CLANG_WARN_CONSTANT_CONVERSION = YES;
				CLANG_WARN_DIRECT_OBJC_ISA_USAGE = YES_ERROR;
				CLANG_WARN_EMPTY_BODY = YES;
				CLANG_WARN_ENUM_CONVERSION = YES;
				CLANG_WARN_INT_CONVERSION = YES;
				CLANG_WARN_OBJC_ROOT_CLASS = YES_ERROR;
				CLANG_WARN_UNREACHABLE_CODE = YES;
				CLANG_WARN__DUPLICATE_METHOD_MATCH = YES;
				"CODE_SIGN_IDENTITY[sdk=iphoneos*]" = "iPhone Developer";
				COPY_PHASE_STRIP = NO;
				DEBUG_INFORMATION_FORMAT = dwarf;
				ENABLE_STRICT_OBJC_MSGSEND = YES;
				ENABLE_TESTABILITY = YES;
				GCC_C_LANGUAGE_STANDARD = gnu99;
				GCC_DYNAMIC_NO_PIC = NO;
				GCC_NO_COMMON_BLOCKS = YES;
				GCC_OPTIMIZATION_LEVEL = 0;
				GCC_PREPROCESSOR_DEFINITIONS = (
					"DEBUG=1",
					"$(inherited)",
				);
				GCC_WARN_64_TO_32_BIT_CONVERSION = YES;
				GCC_WARN_ABOUT_RETURN_TYPE = YES_ERROR;
				GCC_WARN_UNDECLARED_SELECTOR = YES;
				GCC_WARN_UNINITIALIZED_AUTOS = YES_AGGRESSIVE;
				GCC_WARN_UNUSED_FUNCTION = YES;
				GCC_WARN_UNUSED_VARIABLE = YES;
				IPHONEOS_DEPLOYMENT_TARGET = 9.1;
				MTL_ENABLE_DEBUG_INFO = YES;
				ONLY_ACTIVE_ARCH = YES;
				SDKROOT = iphoneos;
			};
			name = Debug;
		};
		62F345051C0057FC00D85BFA /* Release */ = {
			isa = XCBuildConfiguration;
			buildSettings = {
				ALWAYS_SEARCH_USER_PATHS = NO;
				CLANG_CXX_LANGUAGE_STANDARD = "gnu++0x";
				CLANG_CXX_LIBRARY = "libc++";
				CLANG_ENABLE_MODULES = YES;
				CLANG_ENABLE_OBJC_ARC = YES;
				CLANG_WARN_BOOL_CONVERSION = YES;
				CLANG_WARN_CONSTANT_CONVERSION = YES;
				CLANG_WARN_DIRECT_OBJC_ISA_USAGE = YES_ERROR;
				CLANG_WARN_EMPTY_BODY = YES;
				CLANG_WARN_ENUM_CONVERSION = YES;
				CLANG_WARN_INT_CONVERSION = YES;
				CLANG_WARN_OBJC_ROOT_CLASS = YES_ERROR;
				CLANG_WARN_UNREACHABLE_CODE = YES;
				CLANG_WARN__DUPLICATE_METHOD_MATCH = YES;
				"CODE_SIGN_IDENTITY[sdk=iphoneos*]" = "iPhone Developer";
				COPY_PHASE_STRIP = NO;
				DEBUG_INFORMATION_FORMAT = "dwarf-with-dsym";
				ENABLE_NS_ASSERTIONS = NO;
				ENABLE_STRICT_OBJC_MSGSEND = YES;
				GCC_C_LANGUAGE_STANDARD = gnu99;
				GCC_NO_COMMON_BLOCKS = YES;
				GCC_WARN_64_TO_32_BIT_CONVERSION = YES;
				GCC_WARN_ABOUT_RETURN_TYPE = YES_ERROR;
				GCC_WARN_UNDECLARED_SELECTOR = YES;
				GCC_WARN_UNINITIALIZED_AUTOS = YES_AGGRESSIVE;
				GCC_WARN_UNUSED_FUNCTION = YES;
				GCC_WARN_UNUSED_VARIABLE = YES;
				IPHONEOS_DEPLOYMENT_TARGET = 9.1;
				MTL_ENABLE_DEBUG_INFO = NO;
				SDKROOT = iphoneos;
				VALIDATE_PRODUCT = YES;
			};
			name = Release;
		};
		62F345071C0057FC00D85BFA /* Debug */ = {
			isa = XCBuildConfiguration;
			buildSettings = {
				ASSETCATALOG_COMPILER_APPICON_NAME = AppIcon;
				INFOPLIST_FILE = APIManager/Info.plist;
				LD_RUNPATH_SEARCH_PATHS = "$(inherited) @executable_path/Frameworks";
				PRODUCT_BUNDLE_IDENTIFIER = home.APIManager;
				PRODUCT_NAME = "$(TARGET_NAME)";
			};
			name = Debug;
		};
		62F345081C0057FC00D85BFA /* Release */ = {
			isa = XCBuildConfiguration;
			buildSettings = {
				ASSETCATALOG_COMPILER_APPICON_NAME = AppIcon;
				INFOPLIST_FILE = APIManager/Info.plist;
				LD_RUNPATH_SEARCH_PATHS = "$(inherited) @executable_path/Frameworks";
				PRODUCT_BUNDLE_IDENTIFIER = home.APIManager;
				PRODUCT_NAME = "$(TARGET_NAME)";
			};
			name = Release;
		};
		62F3450A1C0057FC00D85BFA /* Debug */ = {
			isa = XCBuildConfiguration;
			buildSettings = {
				BUNDLE_LOADER = "$(TEST_HOST)";
				INFOPLIST_FILE = APIManagerTests/Info.plist;
				LD_RUNPATH_SEARCH_PATHS = "$(inherited) @executable_path/Frameworks @loader_path/Frameworks";
				PRODUCT_BUNDLE_IDENTIFIER = home.APIManagerTests;
				PRODUCT_NAME = "$(TARGET_NAME)";
				TEST_HOST = "$(BUILT_PRODUCTS_DIR)/APIManager.app/APIManager";
			};
			name = Debug;
		};
		62F3450B1C0057FC00D85BFA /* Release */ = {
			isa = XCBuildConfiguration;
			buildSettings = {
				BUNDLE_LOADER = "$(TEST_HOST)";
				INFOPLIST_FILE = APIManagerTests/Info.plist;
				LD_RUNPATH_SEARCH_PATHS = "$(inherited) @executable_path/Frameworks @loader_path/Frameworks";
				PRODUCT_BUNDLE_IDENTIFIER = home.APIManagerTests;
				PRODUCT_NAME = "$(TARGET_NAME)";
				TEST_HOST = "$(BUILT_PRODUCTS_DIR)/APIManager.app/APIManager";
			};
			name = Release;
		};
/* End XCBuildConfiguration section */

/* Begin XCConfigurationList section */
		62F344DF1C0057FC00D85BFA /* Build configuration list for PBXProject "APIManager" */ = {
			isa = XCConfigurationList;
			buildConfigurations = (
				62F345041C0057FC00D85BFA /* Debug */,
				62F345051C0057FC00D85BFA /* Release */,
			);
			defaultConfigurationIsVisible = 0;
			defaultConfigurationName = Release;
		};
		62F345061C0057FC00D85BFA /* Build configuration list for PBXNativeTarget "APIManager" */ = {
			isa = XCConfigurationList;
			buildConfigurations = (
				62F345071C0057FC00D85BFA /* Debug */,
				62F345081C0057FC00D85BFA /* Release */,
			);
			defaultConfigurationIsVisible = 0;
			defaultConfigurationName = Release;
		};
		62F345091C0057FC00D85BFA /* Build configuration list for PBXNativeTarget "APIManagerTests" */ = {
			isa = XCConfigurationList;
			buildConfigurations = (
				62F3450A1C0057FC00D85BFA /* Debug */,
				62F3450B1C0057FC00D85BFA /* Release */,
			);
			defaultConfigurationIsVisible = 0;
			defaultConfigurationName = Release;
		};
/* End XCConfigurationList section */
	};
	rootObject = 62F344DC1C0057FC00D85BFA /* Project object */;
}
